
Microsoft Visual Studio Solution File, Format Version 12.00
# Visual Studio Version 16
VisualStudioVersion = 16.0.28822.285
MinimumVisualStudioVersion = 10.0.40219.1
Project("{FAE04EC0-301F-11D3-BF4B-00C04F79EFBC}") = "Front", "Front\Front.csproj", "{591E7F76-0F3B-4C2D-8E99-D5A8290E7BE0}"
EndProject
Project("{FAE04EC0-301F-11D3-BF4B-00C04F79EFBC}") = "BLL", "BLL\BLL.csproj", "{BB095C91-5B42-406A-99B6-A4E16FB97C85}"
EndProject
Project("{FAE04EC0-301F-11D3-BF4B-00C04F79EFBC}") = "DAL", "DAL\DAL.csproj", "{54E15090-6F21-4018-B315-E9D721BCC78E}"
EndProject
Project("{FAE04EC0-301F-11D3-BF4B-00C04F79EFBC}") = "Entidad", "Entidades\Entidad.csproj", "{E7217AF6-7BCB-4294-BF89-FF7C0146EC20}"
EndProject
Project("{54435603-DBB4-11D2-8724-00A0C9A8B90C}") = "OBRA Setup", "OBRA\OBRA.vdproj", "{235462A5-7F5D-4F75-A31F-D0A15064F8C2}"
EndProject
Global
	GlobalSection(SolutionConfigurationPlatforms) = preSolution
		Debug|Any CPU = Debug|Any CPU
		Release|Any CPU = Release|Any CPU
	EndGlobalSection
	GlobalSection(ProjectConfigurationPlatforms) = postSolution
		{591E7F76-0F3B-4C2D-8E99-D5A8290E7BE0}.Debug|Any CPU.ActiveCfg = Debug|Any CPU
		{591E7F76-0F3B-4C2D-8E99-D5A8290E7BE0}.Debug|Any CPU.Build.0 = Debug|Any CPU
		{591E7F76-0F3B-4C2D-8E99-D5A8290E7BE0}.Release|Any CPU.ActiveCfg = Release|Any CPU
		{591E7F76-0F3B-4C2D-8E99-D5A8290E7BE0}.Release|Any CPU.Build.0 = Release|Any CPU
		{BB095C91-5B42-406A-99B6-A4E16FB97C85}.Debug|Any CPU.ActiveCfg = Debug|Any CPU
		{BB095C91-5B42-406A-99B6-A4E16FB97C85}.Debug|Any CPU.Build.0 = Debug|Any CPU
		{BB095C91-5B42-406A-99B6-A4E16FB97C85}.Release|Any CPU.ActiveCfg = Release|Any CPU
		{BB095C91-5B42-406A-99B6-A4E16FB97C85}.Release|Any CPU.Build.0 = Release|Any CPU
		{54E15090-6F21-4018-B315-E9D721BCC78E}.Debug|Any CPU.ActiveCfg = Debug|Any CPU
		{54E15090-6F21-4018-B315-E9D721BCC78E}.Debug|Any CPU.Build.0 = Debug|Any CPU
		{54E15090-6F21-4018-B315-E9D721BCC78E}.Release|Any CPU.ActiveCfg = Release|Any CPU
		{54E15090-6F21-4018-B315-E9D721BCC78E}.Release|Any CPU.Build.0 = Release|Any CPU
		{E7217AF6-7BCB-4294-BF89-FF7C0146EC20}.Debug|Any CPU.ActiveCfg = Debug|Any CPU
		{E7217AF6-7BCB-4294-BF89-FF7C0146EC20}.Debug|Any CPU.Build.0 = Debug|Any CPU
		{E7217AF6-7BCB-4294-BF89-FF7C0146EC20}.Release|Any CPU.ActiveCfg = Release|Any CPU
		{E7217AF6-7BCB-4294-BF89-FF7C0146EC20}.Release|Any CPU.Build.0 = Release|Any CPU
		{235462A5-7F5D-4F75-A31F-D0A15064F8C2}.Debug|Any CPU.ActiveCfg = Debug
		{235462A5-7F5D-4F75-A31F-D0A15064F8C2}.Release|Any CPU.ActiveCfg = Release
	EndGlobalSection
	GlobalSection(SolutionProperties) = preSolution
		HideSolutionNode = FALSE
	EndGlobalSection
	GlobalSection(ExtensibilityGlobals) = postSolution
		SolutionGuid = {63B6F57F-BEDF-4F89-949B-3A97A28B40B7}
	EndGlobalSection
EndGlobal
